// !$*UTF8*$!
{
	archiveVersion = 1;
	classes = {
	};
	objectVersion = 77;
	objects = {

/* Begin PBXContainerItemProxy section */
		F6C57E942DFF45A4009B027B /* PBXContainerItemProxy */ = {
			isa = PBXContainerItemProxy;
			containerPortal = F6C57E772DFF45A3009B027B /* Project object */;
			proxyType = 1;
			remoteGlobalIDString = F6C57E7E2DFF45A3009B027B;
			remoteInfo = T4GGED;
		};
		F6C57E9E2DFF45A4009B027B /* PBXContainerItemProxy */ = {
			isa = PBXContainerItemProxy;
			containerPortal = F6C57E772DFF45A3009B027B /* Project object */;
			proxyType = 1;
			remoteGlobalIDString = F6C57E7E2DFF45A3009B027B;
			remoteInfo = T4GGED;
		};
/* End PBXContainerItemProxy section */

/* Begin PBXFileReference section */
		F6C57E7F2DFF45A3009B027B /* T4GGED.app */ = {isa = PBXFileReference; explicitFileType = wrapper.application; includeInIndex = 0; path = T4GGED.app; sourceTree = BUILT_PRODUCTS_DIR; };
		F6C57E932DFF45A4009B027B /* T4GGEDTests.xctest */ = {isa = PBXFileReference; explicitFileType = wrapper.cfbundle; includeInIndex = 0; path = T4GGEDTests.xctest; sourceTree = BUILT_PRODUCTS_DIR; };
		F6C57E9D2DFF45A4009B027B /* T4GGEDUITests.xctest */ = {isa = PBXFileReference; explicitFileType = wrapper.cfbundle; includeInIndex = 0; path = T4GGEDUITests.xctest; sourceTree = BUILT_PRODUCTS_DIR; };
/* End PBXFileReference section */

/* Begin PBXFileSystemSynchronizedBuildFileExceptionSet section */
		F6C57EA52DFF45A4009B027B /* Exceptions for "T4GGED" folder in "T4GGED" target */ = {
			isa = PBXFileSystemSynchronizedBuildFileExceptionSet;
			membershipExceptions = (
				Info.plist,
			);
			target = F6C57E7E2DFF45A3009B027B /* T4GGED */;
		};
/* End PBXFileSystemSynchronizedBuildFileExceptionSet section */

/* Begin PBXFileSystemSynchronizedRootGroup section */
		F6C57E812DFF45A3009B027B /* T4GGED */ = {
			isa = PBXFileSystemSynchronizedRootGroup;
			exceptions = (
				F6C57EA52DFF45A4009B027B /* Exceptions for "T4GGED" folder in "T4GGED" target */,
			);
			path = T4GGED;
			sourceTree = "<group>";
		};
		F6C57E962DFF45A4009B027B /* T4GGEDTests */ = {
			isa = PBXFileSystemSynchronizedRootGroup;
			path = T4GGEDTests;
			sourceTree = "<group>";
		};
		F6C57EA02DFF45A4009B027B /* T4GGEDUITests */ = {
			isa = PBXFileSystemSynchronizedRootGroup;
			path = T4GGEDUITests;
			sourceTree = "<group>";
		};
/* End PBXFileSystemSynchronizedRootGroup section */

/* Begin PBXFrameworksBuildPhase section */
		F6C57E7C2DFF45A3009B027B /* Frameworks */ = {
			isa = PBXFrameworksBuildPhase;
			buildActionMask = 2147483647;
			files = (
			);
			runOnlyForDeploymentPostprocessing = 0;
		};
		F6C57E902DFF45A4009B027B /* Frameworks */ = {
			isa = PBXFrameworksBuildPhase;
			buildActionMask = 2147483647;
			files = (
			);
			runOnlyForDeploymentPostprocessing = 0;
		};
		F6C57E9A2DFF45A4009B027B /* Frameworks */ = {
			isa = PBXFrameworksBuildPhase;
			buildActionMask = 2147483647;
			files = (
			);
			runOnlyForDeploymentPostprocessing = 0;
		};
/* End PBXFrameworksBuildPhase section */

/* Begin PBXGroup section */
		F6C57E762DFF45A3009B027B = {
			isa = PBXGroup;
			children = (
				F6C57E812DFF45A3009B027B /* T4GGED */,
				F6C57E962DFF45A4009B027B /* T4GGEDTests */,
				F6C57EA02DFF45A4009B027B /* T4GGEDUITests */,
				F6C57E802DFF45A3009B027B /* Products */,
			);
			sourceTree = "<group>";
		};
		F6C57E802DFF45A3009B027B /* Products */ = {
			isa = PBXGroup;
			children = (
				F6C57E7F2DFF45A3009B027B /* T4GGED.app */,
				F6C57E932DFF45A4009B027B /* T4GGEDTests.xctest */,
				F6C57E9D2DFF45A4009B027B /* T4GGEDUITests.xctest */,
			);
			name = Products;
			sourceTree = "<group>";
		};
/* End PBXGroup section */

/* Begin PBXNativeTarget section */
		F6C57E7E2DFF45A3009B027B /* T4GGED */ = {
			isa = PBXNativeTarget;
			buildConfigurationList = F6C57EA62DFF45A4009B027B /* Build configuration list for PBXNativeTarget "T4GGED" */;
			buildPhases = (
				F6C57E7B2DFF45A3009B027B /* Sources */,
				F6C57E7C2DFF45A3009B027B /* Frameworks */,
				F6C57E7D2DFF45A3009B027B /* Resources */,
			);
			buildRules = (
			);
			dependencies = (
			);
			fileSystemSynchronizedGroups = (
				F6C57E812DFF45A3009B027B /* T4GGED */,
			);
			name = T4GGED;
			packageProductDependencies = (
			);
			productName = T4GGED;
			productReference = F6C57E7F2DFF45A3009B027B /* T4GGED.app */;
			productType = "com.apple.product-type.application";
		};
		F6C57E922DFF45A4009B027B /* T4GGEDTests */ = {
			isa = PBXNativeTarget;
			buildConfigurationList = F6C57EAB2DFF45A4009B027B /* Build configuration list for PBXNativeTarget "T4GGEDTests" */;
			buildPhases = (
				F6C57E8F2DFF45A4009B027B /* Sources */,
				F6C57E902DFF45A4009B027B /* Frameworks */,
				F6C57E912DFF45A4009B027B /* Resources */,
			);
			buildRules = (
			);
			dependencies = (
				F6C57E952DFF45A4009B027B /* PBXTargetDependency */,
			);
			fileSystemSynchronizedGroups = (
				F6C57E962DFF45A4009B027B /* T4GGEDTests */,
			);
			name = T4GGEDTests;
			packageProductDependencies = (
			);
			productName = T4GGEDTests;
			productReference = F6C57E932DFF45A4009B027B /* T4GGEDTests.xctest */;
			productType = "com.apple.product-type.bundle.unit-test";
		};
		F6C57E9C2DFF45A4009B027B /* T4GGEDUITests */ = {
			isa = PBXNativeTarget;
			buildConfigurationList = F6C57EAE2DFF45A4009B027B /* Build configuration list for PBXNativeTarget "T4GGEDUITests" */;
			buildPhases = (
				F6C57E992DFF45A4009B027B /* Sources */,
				F6C57E9A2DFF45A4009B027B /* Frameworks */,
				F6C57E9B2DFF45A4009B027B /* Resources */,
			);
			buildRules = (
			);
			dependencies = (
				F6C57E9F2DFF45A4009B027B /* PBXTargetDependency */,
			);
			fileSystemSynchronizedGroups = (
				F6C57EA02DFF45A4009B027B /* T4GGEDUITests */,
			);
			name = T4GGEDUITests;
			packageProductDependencies = (
			);
			productName = T4GGEDUITests;
			productReference = F6C57E9D2DFF45A4009B027B /* T4GGEDUITests.xctest */;
			productType = "com.apple.product-type.bundle.ui-testing";
		};
/* End PBXNativeTarget section */

/* Begin PBXProject section */
		F6C57E772DFF45A3009B027B /* Project object */ = {
			isa = PBXProject;
			attributes = {
				BuildIndependentTargetsInParallel = 1;
				LastSwiftUpdateCheck = 2600;
				LastUpgradeCheck = 2600;
				TargetAttributes = {
					F6C57E7E2DFF45A3009B027B = {
						CreatedOnToolsVersion = 26.0;
					};
					F6C57E922DFF45A4009B027B = {
						CreatedOnToolsVersion = 26.0;
						TestTargetID = F6C57E7E2DFF45A3009B027B;
					};
					F6C57E9C2DFF45A4009B027B = {
						CreatedOnToolsVersion = 26.0;
						TestTargetID = F6C57E7E2DFF45A3009B027B;
					};
				};
			};
			buildConfigurationList = F6C57E7A2DFF45A3009B027B /* Build configuration list for PBXProject "T4GGED" */;
			developmentRegion = en;
			hasScannedForEncodings = 0;
			knownRegions = (
				en,
				Base,
			);
			mainGroup = F6C57E762DFF45A3009B027B;
			minimizedProjectReferenceProxies = 1;
			preferredProjectObjectVersion = 77;
			productRefGroup = F6C57E802DFF45A3009B027B /* Products */;
			projectDirPath = "";
			projectRoot = "";
			targets = (
				F6C57E7E2DFF45A3009B027B /* T4GGED */,
				F6C57E922DFF45A4009B027B /* T4GGEDTests */,
				F6C57E9C2DFF45A4009B027B /* T4GGEDUITests */,
			);
		};
/* End PBXProject section */

/* Begin PBXResourcesBuildPhase section */
		F6C57E7D2DFF45A3009B027B /* Resources */ = {
			isa = PBXResourcesBuildPhase;
			buildActionMask = 2147483647;
			files = (
			);
			runOnlyForDeploymentPostprocessing = 0;
		};
		F6C57E912DFF45A4009B027B /* Resources */ = {
			isa = PBXResourcesBuildPhase;
			buildActionMask = 2147483647;
			files = (
			);
			runOnlyForDeploymentPostprocessing = 0;
		};
		F6C57E9B2DFF45A4009B027B /* Resources */ = {
			isa = PBXResourcesBuildPhase;
			buildActionMask = 2147483647;
			files = (
			);
			runOnlyForDeploymentPostprocessing = 0;
		};
/* End PBXResourcesBuildPhase section */

/* Begin PBXSourcesBuildPhase section */
		F6C57E7B2DFF45A3009B027B /* Sources */ = {
			isa = PBXSourcesBuildPhase;
			buildActionMask = 2147483647;
			files = (
			);
			runOnlyForDeploymentPostprocessing = 0;
		};
		F6C57E8F2DFF45A4009B027B /* Sources */ = {
			isa = PBXSourcesBuildPhase;
			buildActionMask = 2147483647;
			files = (
			);
			runOnlyForDeploymentPostprocessing = 0;
		};
		F6C57E992DFF45A4009B027B /* Sources */ = {
			isa = PBXSourcesBuildPhase;
			buildActionMask = 2147483647;
			files = (
			);
			runOnlyForDeploymentPostprocessing = 0;
		};
/* End PBXSourcesBuildPhase section */

/* Begin PBXTargetDependency section */
		F6C57E952DFF45A4009B027B /* PBXTargetDependency */ = {
			isa = PBXTargetDependency;
			target = F6C57E7E2DFF45A3009B027B /* T4GGED */;
			targetProxy = F6C57E942DFF45A4009B027B /* PBXContainerItemProxy */;
		};
		F6C57E9F2DFF45A4009B027B /* PBXTargetDependency */ = {
			isa = PBXTargetDependency;
			target = F6C57E7E2DFF45A3009B027B /* T4GGED */;
			targetProxy = F6C57E9E2DFF45A4009B027B /* PBXContainerItemProxy */;
		};
/* End PBXTargetDependency section */

/* Begin XCBuildConfiguration section */
		F6C57EA72DFF45A4009B027B /* Debug */ = {
			isa = XCBuildConfiguration;
			buildSettings = {
				ASSETCATALOG_COMPILER_APPICON_NAME = AppIcon;
				ASSETCATALOG_COMPILER_GLOBAL_ACCENT_COLOR_NAME = AccentColor;
				CODE_SIGN_ENTITLEMENTS = T4GGED/T4GGED.entitlements;
				CODE_SIGN_STYLE = Automatic;
				CURRENT_PROJECT_VERSION = 1;
				DEVELOPMENT_TEAM = NAS6CV73MP;
				ENABLE_PREVIEWS = YES;
				GENERATE_INFOPLIST_FILE = YES;
				INFOPLIST_FILE = T4GGED/Info.plist;
				INFOPLIST_KEY_UIApplicationSceneManifest_Generation = YES;
				INFOPLIST_KEY_UIApplicationSupportsIndirectInputEvents = YES;
				INFOPLIST_KEY_UILaunchScreen_Generation = YES;
				INFOPLIST_KEY_UISupportedInterfaceOrientations_iPad = "UIInterfaceOrientationPortrait UIInterfaceOrientationPortraitUpsideDown UIInterfaceOrientationLandscapeLeft UIInterfaceOrientationLandscapeRight";
				INFOPLIST_KEY_UISupportedInterfaceOrientations_iPhone = "UIInterfaceOrientationPortrait UIInterfaceOrientationLandscapeLeft UIInterfaceOrientationLandscapeRight";
				LD_RUNPATH_SEARCH_PATHS = (
					"$(inherited)",
					"@executable_path/Frameworks",
				);
				MARKETING_VERSION = 1.0;
				PRODUCT_BUNDLE_IDENTIFIER = com.DkVisuals.T4GGED;
				PRODUCT_NAME = "$(TARGET_NAME)";
				STRING_CATALOG_GENERATE_SYMBOLS = YES;
				SWIFT_DEFAULT_ACTOR_ISOLATION = MainActor;
				SWIFT_EMIT_LOC_STRINGS = YES;
				SWIFT_UPCOMING_FEATURE_MEMBER_IMPORT_VISIBILITY = YES;
				SWIFT_VERSION = 5.0;
				TARGETED_DEVICE_FAMILY = "1,2";
			};
			name = Debug;
		};
		F6C57EA82DFF45A4009B027B /* Release */ = {
			isa = XCBuildConfiguration;
			buildSettings = {
				ASSETCATALOG_COMPILER_APPICON_NAME = AppIcon;
				ASSETCATALOG_COMPILER_GLOBAL_ACCENT_COLOR_NAME = AccentColor;
				CODE_SIGN_ENTITLEMENTS = T4GGED/T4GGED.entitlements;
				CODE_SIGN_STYLE = Automatic;
				CURRENT_PROJECT_VERSION = 1;
				DEVELOPMENT_TEAM = NAS6CV73MP;
				ENABLE_PREVIEWS = YES;
				GENERATE_INFOPLIST_FILE = YES;
				INFOPLIST_FILE = T4GGED/Info.plist;
				INFOPLIST_KEY_UIApplicationSceneManifest_Generation = YES;
				INFOPLIST_KEY_UIApplicationSupportsIndirectInputEvents = YES;
				INFOPLIST_KEY_UILaunchScreen_Generation = YES;
				INFOPLIST_KEY_UISupportedInterfaceOrientations_iPad = "UIInterfaceOrientationPortrait UIInterfaceOrientationPortraitUpsideDown UIInterfaceOrientationLandscapeLeft UIInterfaceOrientationLandscapeRight";
				INFOPLIST_KEY_UISupportedInterfaceOrientations_iPhone = "UIInterfaceOrientationPortrait UIInterfaceOrientationLandscapeLeft UIInterfaceOrientationLandscapeRight";
				LD_RUNPATH_SEARCH_PATHS = (
					"$(inherited)",
					"@executable_path/Frameworks",
				);
				MARKETING_VERSION = 1.0;
				PRODUCT_BUNDLE_IDENTIFIER = com.DkVisuals.T4GGED;
				PRODUCT_NAME = "$(TARGET_NAME)";
				STRING_CATALOG_GENERATE_SYMBOLS = YES;
				SWIFT_DEFAULT_ACTOR_ISOLATION = MainActor;
				SWIFT_EMIT_LOC_STRINGS = YES;
				SWIFT_UPCOMING_FEATURE_MEMBER_IMPORT_VISIBILITY = YES;
				SWIFT_VERSION = 5.0;
				TARGETED_DEVICE_FAMILY = "1,2";
			};
			name = Release;
		};
		F6C57EA92DFF45A4009B027B /* Debug */ = {
			isa = XCBuildConfiguration;
			buildSettings = {
				ALWAYS_SEARCH_USER_PATHS = NO;
				ASSETCATALOG_COMPILER_GENERATE_SWIFT_ASSET_SYMBOL_EXTENSIONS = YES;
				CLANG_ANALYZER_NONNULL = YES;
				CLANG_ANALYZER_NUMBER_OBJECT_CONVERSION = YES_AGGRESSIVE;
				CLANG_CXX_LANGUAGE_STANDARD = "gnu++20";
				CLANG_ENABLE_MODULES = YES;
				CLANG_ENABLE_OBJC_ARC = YES;
				CLANG_ENABLE_OBJC_WEAK = YES;
				CLANG_WARN_BLOCK_CAPTURE_AUTORELEASING = YES;
				CLANG_WARN_BOOL_CONVERSION = YES;
				CLANG_WARN_COMMA = YES;
				CLANG_WARN_CONSTANT_CONVERSION = YES;
				CLANG_WARN_DEPRECATED_OBJC_IMPLEMENTATIONS = YES;
				CLANG_WARN_DIRECT_OBJC_ISA_USAGE = YES_ERROR;
				CLANG_WARN_DOCUMENTATION_COMMENTS = YES;
				CLANG_WARN_EMPTY_BODY = YES;
				CLANG_WARN_ENUM_CONVERSION = YES;
				CLANG_WARN_INFINITE_RECURSION = YES;
				CLANG_WARN_INT_CONVERSION = YES;
				CLANG_WARN_NON_LITERAL_NULL_CONVERSION = YES;
				CLANG_WARN_OBJC_IMPLICIT_RETAIN_SELF = YES;
				CLANG_WARN_OBJC_LITERAL_CONVERSION = YES;
				CLANG_WARN_OBJC_ROOT_CLASS = YES_ERROR;
				CLANG_WARN_QUOTED_INCLUDE_IN_FRAMEWORK_HEADER = YES;
				CLANG_WARN_RANGE_LOOP_ANALYSIS = YES;
				CLANG_WARN_STRICT_PROTOTYPES = YES;
				CLANG_WARN_SUSPICIOUS_MOVE = YES;
				CLANG_WARN_UNGUARDED_AVAILABILITY = YES_AGGRESSIVE;
				CLANG_WARN_UNREACHABLE_CODE = YES;
				CLANG_WARN__DUPLICATE_METHOD_MATCH = YES;
				COPY_PHASE_STRIP = NO;
				DEBUG_INFORMATION_FORMAT = dwarf;
				DEVELOPMENT_TEAM = NAS6CV73MP;
				ENABLE_STRICT_OBJC_MSGSEND = YES;
				ENABLE_TESTABILITY = YES;
				ENABLE_USER_SCRIPT_SANDBOXING = YES;
				GCC_C_LANGUAGE_STANDARD = gnu17;
				GCC_DYNAMIC_NO_PIC = NO;
				GCC_NO_COMMON_BLOCKS = YES;
				GCC_OPTIMIZATION_LEVEL = 0;
				GCC_PREPROCESSOR_DEFINITIONS = (
					"DEBUG=1",
					"$(inherited)",
				);
				GCC_WARN_64_TO_32_BIT_CONVERSION = YES;
				GCC_WARN_ABOUT_RETURN_TYPE = YES_ERROR;
				GCC_WARN_UNDECLARED_SELECTOR = YES;
				GCC_WARN_UNINITIALIZED_AUTOS = YES_AGGRESSIVE;
				GCC_WARN_UNUSED_FUNCTION = YES;
				GCC_WARN_UNUSED_VARIABLE = YES;
				IPHONEOS_DEPLOYMENT_TARGET = 26.0;
				LOCALIZATION_PREFERS_STRING_CATALOGS = YES;
				MTL_ENABLE_DEBUG_INFO = INCLUDE_SOURCE;
				MTL_FAST_MATH = YES;
				ONLY_ACTIVE_ARCH = YES;
				SDKROOT = iphoneos;
				SWIFT_ACTIVE_COMPILATION_CONDITIONS = "DEBUG $(inherited)";
				SWIFT_OPTIMIZATION_LEVEL = "-Onone";
			};
			name = Debug;
		};
		F6C57EAA2DFF45A4009B027B /* Release */ = {
			isa = XCBuildConfiguration;
			buildSettings = {
				ALWAYS_SEARCH_USER_PATHS = NO;
				ASSETCATALOG_COMPILER_GENERATE_SWIFT_ASSET_SYMBOL_EXTENSIONS = YES;
				CLANG_ANALYZER_NONNULL = YES;
				CLANG_ANALYZER_NUMBER_OBJECT_CONVERSION = YES_AGGRESSIVE;
				CLANG_CXX_LANGUAGE_STANDARD = "gnu++20";
				CLANG_ENABLE_MODULES = YES;
				CLANG_ENABLE_OBJC_ARC = YES;
				CLANG_ENABLE_OBJC_WEAK = YES;
				CLANG_WARN_BLOCK_CAPTURE_AUTORELEASING = YES;
				CLANG_WARN_BOOL_CONVERSION = YES;
				CLANG_WARN_COMMA = YES;
				CLANG_WARN_CONSTANT_CONVERSION = YES;
				CLANG_WARN_DEPRECATED_OBJC_IMPLEMENTATIONS = YES;
				CLANG_WARN_DIRECT_OBJC_ISA_USAGE = YES_ERROR;
				CLANG_WARN_DOCUMENTATION_COMMENTS = YES;
				CLANG_WARN_EMPTY_BODY = YES;
				CLANG_WARN_ENUM_CONVERSION = YES;
				CLANG_WARN_INFINITE_RECURSION = YES;
				CLANG_WARN_INT_CONVERSION = YES;
				CLANG_WARN_NON_LITERAL_NULL_CONVERSION = YES;
				CLANG_WARN_OBJC_IMPLICIT_RETAIN_SELF = YES;
				CLANG_WARN_OBJC_LITERAL_CONVERSION = YES;
				CLANG_WARN_OBJC_ROOT_CLASS = YES_ERROR;
				CLANG_WARN_QUOTED_INCLUDE_IN_FRAMEWORK_HEADER = YES;
				CLANG_WARN_RANGE_LOOP_ANALYSIS = YES;
				CLANG_WARN_STRICT_PROTOTYPES = YES;
				CLANG_WARN_SUSPICIOUS_MOVE = YES;
				CLANG_WARN_UNGUARDED_AVAILABILITY = YES_AGGRESSIVE;
				CLANG_WARN_UNREACHABLE_CODE = YES;
				CLANG_WARN__DUPLICATE_METHOD_MATCH = YES;
				COPY_PHASE_STRIP = NO;
				DEBUG_INFORMATION_FORMAT = "dwarf-with-dsym";
				DEVELOPMENT_TEAM = NAS6CV73MP;
				ENABLE_NS_ASSERTIONS = NO;
				ENABLE_STRICT_OBJC_MSGSEND = YES;
				ENABLE_USER_SCRIPT_SANDBOXING = YES;
				GCC_C_LANGUAGE_STANDARD = gnu17;
				GCC_NO_COMMON_BLOCKS = YES;
				GCC_WARN_64_TO_32_BIT_CONVERSION = YES;
				GCC_WARN_ABOUT_RETURN_TYPE = YES_ERROR;
				GCC_WARN_UNDECLARED_SELECTOR = YES;
				GCC_WARN_UNINITIALIZED_AUTOS = YES_AGGRESSIVE;
				GCC_WARN_UNUSED_FUNCTION = YES;
				GCC_WARN_UNUSED_VARIABLE = YES;
				IPHONEOS_DEPLOYMENT_TARGET = 26.0;
				LOCALIZATION_PREFERS_STRING_CATALOGS = YES;
				MTL_ENABLE_DEBUG_INFO = NO;
				MTL_FAST_MATH = YES;
				SDKROOT = iphoneos;
				SWIFT_COMPILATION_MODE = wholemodule;
				VALIDATE_PRODUCT = YES;
			};
			name = Release;
		};
		F6C57EAC2DFF45A4009B027B /* Debug */ = {
			isa = XCBuildConfiguration;
			buildSettings = {
				BUNDLE_LOADER = "$(TEST_HOST)";
				CODE_SIGN_STYLE = Automatic;
				CURRENT_PROJECT_VERSION = 1;
				DEVELOPMENT_TEAM = NAS6CV73MP;
				GENERATE_INFOPLIST_FILE = YES;
				IPHONEOS_DEPLOYMENT_TARGET = 26.0;
				MARKETING_VERSION = 1.0;
				PRODUCT_BUNDLE_IDENTIFIER = com.DkVisuals.T4GGEDTests;
				PRODUCT_NAME = "$(TARGET_NAME)";
				STRING_CATALOG_GENERATE_SYMBOLS = NO;
				SWIFT_EMIT_LOC_STRINGS = NO;
				SWIFT_UPCOMING_FEATURE_MEMBER_IMPORT_VISIBILITY = YES;
				SWIFT_VERSION = 5.0;
				TARGETED_DEVICE_FAMILY = "1,2";
				TEST_HOST = "$(BUILT_PRODUCTS_DIR)/T4GGED.app/$(BUNDLE_EXECUTABLE_FOLDER_PATH)/T4GGED";
			};
			name = Debug;
		};
		F6C57EAD2DFF45A4009B027B /* Release */ = {
			isa = XCBuildConfiguration;
			buildSettings = {
				BUNDLE_LOADER = "$(TEST_HOST)";
				CODE_SIGN_STYLE = Automatic;
				CURRENT_PROJECT_VERSION = 1;
				DEVELOPMENT_TEAM = NAS6CV73MP;
				GENERATE_INFOPLIST_FILE = YES;
				IPHONEOS_DEPLOYMENT_TARGET = 26.0;
				MARKETING_VERSION = 1.0;
				PRODUCT_BUNDLE_IDENTIFIER = com.DkVisuals.T4GGEDTests;
				PRODUCT_NAME = "$(TARGET_NAME)";
				STRING_CATALOG_GENERATE_SYMBOLS = NO;
				SWIFT_EMIT_LOC_STRINGS = NO;
				SWIFT_UPCOMING_FEATURE_MEMBER_IMPORT_VISIBILITY = YES;
				SWIFT_VERSION = 5.0;
				TARGETED_DEVICE_FAMILY = "1,2";
				TEST_HOST = "$(BUILT_PRODUCTS_DIR)/T4GGED.app/$(BUNDLE_EXECUTABLE_FOLDER_PATH)/T4GGED";
			};
			name = Release;
		};
		F6C57EAF2DFF45A4009B027B /* Debug */ = {
			isa = XCBuildConfiguration;
			buildSettings = {
				CODE_SIGN_STYLE = Automatic;
				CURRENT_PROJECT_VERSION = 1;
				DEVELOPMENT_TEAM = NAS6CV73MP;
				GENERATE_INFOPLIST_FILE = YES;
				MARKETING_VERSION = 1.0;
				PRODUCT_BUNDLE_IDENTIFIER = com.DkVisuals.T4GGEDUITests;
				PRODUCT_NAME = "$(TARGET_NAME)";
				STRING_CATALOG_GENERATE_SYMBOLS = NO;
				SWIFT_EMIT_LOC_STRINGS = NO;
				SWIFT_UPCOMING_FEATURE_MEMBER_IMPORT_VISIBILITY = YES;
				SWIFT_VERSION = 5.0;
				TARGETED_DEVICE_FAMILY = "1,2";
				TEST_TARGET_NAME = T4GGED;
			};
			name = Debug;
		};
		F6C57EB02DFF45A4009B027B /* Release */ = {
			isa = XCBuildConfiguration;
			buildSettings = {
				CODE_SIGN_STYLE = Automatic;
				CURRENT_PROJECT_VERSION = 1;
				DEVELOPMENT_TEAM = NAS6CV73MP;
				GENERATE_INFOPLIST_FILE = YES;
				MARKETING_VERSION = 1.0;
				PRODUCT_BUNDLE_IDENTIFIER = com.DkVisuals.T4GGEDUITests;
				PRODUCT_NAME = "$(TARGET_NAME)";
				STRING_CATALOG_GENERATE_SYMBOLS = NO;
				SWIFT_EMIT_LOC_STRINGS = NO;
				SWIFT_UPCOMING_FEATURE_MEMBER_IMPORT_VISIBILITY = YES;
				SWIFT_VERSION = 5.0;
				TARGETED_DEVICE_FAMILY = "1,2";
				TEST_TARGET_NAME = T4GGED;
			};
			name = Release;
		};
/* End XCBuildConfiguration section */

/* Begin XCConfigurationList section */
		F6C57E7A2DFF45A3009B027B /* Build configuration list for PBXProject "T4GGED" */ = {
			isa = XCConfigurationList;
			buildConfigurations = (
				F6C57EA92DFF45A4009B027B /* Debug */,
				F6C57EAA2DFF45A4009B027B /* Release */,
			);
			defaultConfigurationIsVisible = 0;
			defaultConfigurationName = Release;
		};
		F6C57EA62DFF45A4009B027B /* Build configuration list for PBXNativeTarget "T4GGED" */ = {
			isa = XCConfigurationList;
			buildConfigurations = (
				F6C57EA72DFF45A4009B027B /* Debug */,
				F6C57EA82DFF45A4009B027B /* Release */,
			);
			defaultConfigurationIsVisible = 0;
			defaultConfigurationName = Release;
		};
		F6C57EAB2DFF45A4009B027B /* Build configuration list for PBXNativeTarget "T4GGEDTests" */ = {
			isa = XCConfigurationList;
			buildConfigurations = (
				F6C57EAC2DFF45A4009B027B /* Debug */,
				F6C57EAD2DFF45A4009B027B /* Release */,
			);
			defaultConfigurationIsVisible = 0;
			defaultConfigurationName = Release;
		};
		F6C57EAE2DFF45A4009B027B /* Build configuration list for PBXNativeTarget "T4GGEDUITests" */ = {
			isa = XCConfigurationList;
			buildConfigurations = (
				F6C57EAF2DFF45A4009B027B /* Debug */,
				F6C57EB02DFF45A4009B027B /* Release */,
			);
			defaultConfigurationIsVisible = 0;
			defaultConfigurationName = Release;
		};
/* End XCConfigurationList section */
	};
	rootObject = F6C57E772DFF45A3009B027B /* Project object */;
}
